
Microsoft Visual Studio Solution File, Format Version 12.00
# Visual Studio Version 16
VisualStudioVersion = 16.0.31424.327
MinimumVisualStudioVersion = 10.0.40219.1
Project("{FAE04EC0-301F-11D3-BF4B-00C04F79EFBC}") = "BuyTicketTask", "BuyTicketTask\BuyTicketTask.csproj", "{5A279910-8AFE-4C8F-A371-3A7A72A50029}"
EndProject
Global
	GlobalSection(SolutionConfigurationPlatforms) = preSolution
		Debug|Any CPU = Debug|Any CPU
		Release|Any CPU = Release|Any CPU
	EndGlobalSection
	GlobalSection(ProjectConfigurationPlatforms) = postSolution
		{5A279910-8AFE-4C8F-A371-3A7A72A50029}.Debug|Any CPU.ActiveCfg = Debug|Any CPU
		{5A279910-8AFE-4C8F-A371-3A7A72A50029}.Debug|Any CPU.Build.0 = Debug|Any CPU
		{5A279910-8AFE-4C8F-A371-3A7A72A50029}.Release|Any CPU.ActiveCfg = Release|Any CPU
		{5A279910-8AFE-4C8F-A371-3A7A72A50029}.Release|Any CPU.Build.0 = Release|Any CPU
	EndGlobalSection
	GlobalSection(SolutionProperties) = preSolution
		HideSolutionNode = FALSE
	EndGlobalSection
	GlobalSection(ExtensibilityGlobals) = postSolution
		SolutionGuid = {10D1933B-F6A5-498B-87E5-845FC80AB336}
	EndGlobalSection
EndGlobal
